
Microsoft Visual Studio Solution File, Format Version 12.00
# Visual Studio 2013
VisualStudioVersion = 12.0.31101.0
MinimumVisualStudioVersion = 10.0.40219.1
Project("{FAE04EC0-301F-11D3-BF4B-00C04F79EFBC}") = "Problem 1", "Problem 1\Problem 1.csproj", "{A6280DAF-DF32-45C3-8382-1495CF0036B8}"
EndProject
Project("{FAE04EC0-301F-11D3-BF4B-00C04F79EFBC}") = "Problem 2", "Problem 2\Problem 2.csproj", "{EC1539B2-8B7F-4224-91E9-51F2E090A29A}"
EndProject
Project("{FAE04EC0-301F-11D3-BF4B-00C04F79EFBC}") = "Problem 3", "Problem 3\Problem 3.csproj", "{B1BBC38E-2E4A-4299-BECC-DD3E510CA464}"
EndProject
Global
	GlobalSection(SolutionConfigurationPlatforms) = preSolution
		Debug|Any CPU = Debug|Any CPU
		Release|Any CPU = Release|Any CPU
	EndGlobalSection
	GlobalSection(ProjectConfigurationPlatforms) = postSolution
		{A6280DAF-DF32-45C3-8382-1495CF0036B8}.Debug|Any CPU.ActiveCfg = Debug|Any CPU
		{A6280DAF-DF32-45C3-8382-1495CF0036B8}.Debug|Any CPU.Build.0 = Debug|Any CPU
		{A6280DAF-DF32-45C3-8382-1495CF0036B8}.Release|Any CPU.ActiveCfg = Release|Any CPU
		{A6280DAF-DF32-45C3-8382-1495CF0036B8}.Release|Any CPU.Build.0 = Release|Any CPU
		{EC1539B2-8B7F-4224-91E9-51F2E090A29A}.Debug|Any CPU.ActiveCfg = Debug|Any CPU
		{EC1539B2-8B7F-4224-91E9-51F2E090A29A}.Debug|Any CPU.Build.0 = Debug|Any CPU
		{EC1539B2-8B7F-4224-91E9-51F2E090A29A}.Release|Any CPU.ActiveCfg = Release|Any CPU
		{EC1539B2-8B7F-4224-91E9-51F2E090A29A}.Release|Any CPU.Build.0 = Release|Any CPU
		{B1BBC38E-2E4A-4299-BECC-DD3E510CA464}.Debug|Any CPU.ActiveCfg = Debug|Any CPU
		{B1BBC38E-2E4A-4299-BECC-DD3E510CA464}.Debug|Any CPU.Build.0 = Debug|Any CPU
		{B1BBC38E-2E4A-4299-BECC-DD3E510CA464}.Release|Any CPU.ActiveCfg = Release|Any CPU
		{B1BBC38E-2E4A-4299-BECC-DD3E510CA464}.Release|Any CPU.Build.0 = Release|Any CPU
	EndGlobalSection
	GlobalSection(SolutionProperties) = preSolution
		HideSolutionNode = FALSE
	EndGlobalSection
EndGlobal
